// !$*UTF8*$!
{
	archiveVersion = 1;
	classes = {
	};
	objectVersion = 50;
	objects = {

/* Begin PBXBuildFile section */
		D674DB502680A28A0088D9CB /* AppDelegate.swift in Sources */ = {isa = PBXBuildFile; fileRef = D674DB4F2680A28A0088D9CB /* AppDelegate.swift */; };
		D674DB522680A28A0088D9CB /* SceneDelegate.swift in Sources */ = {isa = PBXBuildFile; fileRef = D674DB512680A28A0088D9CB /* SceneDelegate.swift */; };
		D674DB542680A28A0088D9CB /* ViewController.swift in Sources */ = {isa = PBXBuildFile; fileRef = D674DB532680A28A0088D9CB /* ViewController.swift */; };
		D674DB572680A28A0088D9CB /* Main.storyboard in Resources */ = {isa = PBXBuildFile; fileRef = D674DB552680A28A0088D9CB /* Main.storyboard */; };
		D674DB592680A28D0088D9CB /* Assets.xcassets in Resources */ = {isa = PBXBuildFile; fileRef = D674DB582680A28D0088D9CB /* Assets.xcassets */; };
		D674DB5C2680A28D0088D9CB /* LaunchScreen.storyboard in Resources */ = {isa = PBXBuildFile; fileRef = D674DB5A2680A28D0088D9CB /* LaunchScreen.storyboard */; };
		D674DB672680A28E0088D9CB /* moviesTests.swift in Sources */ = {isa = PBXBuildFile; fileRef = D674DB662680A28E0088D9CB /* moviesTests.swift */; };
		D674DB722680A28E0088D9CB /* moviesUITests.swift in Sources */ = {isa = PBXBuildFile; fileRef = D674DB712680A28E0088D9CB /* moviesUITests.swift */; };
		D674DB812680A3490088D9CB /* MovieViewCell.swift in Sources */ = {isa = PBXBuildFile; fileRef = D674DB7F2680A3490088D9CB /* MovieViewCell.swift */; };
		D674DB822680A3490088D9CB /* MovieViewCell.xib in Resources */ = {isa = PBXBuildFile; fileRef = D674DB802680A3490088D9CB /* MovieViewCell.xib */; };
		D674DB842680A6800088D9CB /* movieList.swift in Sources */ = {isa = PBXBuildFile; fileRef = D674DB832680A6800088D9CB /* movieList.swift */; };
/* End PBXBuildFile section */

/* Begin PBXContainerItemProxy section */
		D674DB632680A28E0088D9CB /* PBXContainerItemProxy */ = {
			isa = PBXContainerItemProxy;
			containerPortal = D674DB442680A28A0088D9CB /* Project object */;
			proxyType = 1;
			remoteGlobalIDString = D674DB4B2680A28A0088D9CB;
			remoteInfo = movies;
		};
		D674DB6E2680A28E0088D9CB /* PBXContainerItemProxy */ = {
			isa = PBXContainerItemProxy;
			containerPortal = D674DB442680A28A0088D9CB /* Project object */;
			proxyType = 1;
			remoteGlobalIDString = D674DB4B2680A28A0088D9CB;
			remoteInfo = movies;
		};
/* End PBXContainerItemProxy section */

/* Begin PBXFileReference section */
		D674DB4C2680A28A0088D9CB /* movies.app */ = {isa = PBXFileReference; explicitFileType = wrapper.application; includeInIndex = 0; path = movies.app; sourceTree = BUILT_PRODUCTS_DIR; };
		D674DB4F2680A28A0088D9CB /* AppDelegate.swift */ = {isa = PBXFileReference; lastKnownFileType = sourcecode.swift; path = AppDelegate.swift; sourceTree = "<group>"; };
		D674DB512680A28A0088D9CB /* SceneDelegate.swift */ = {isa = PBXFileReference; lastKnownFileType = sourcecode.swift; path = SceneDelegate.swift; sourceTree = "<group>"; };
		D674DB532680A28A0088D9CB /* ViewController.swift */ = {isa = PBXFileReference; lastKnownFileType = sourcecode.swift; path = ViewController.swift; sourceTree = "<group>"; };
		D674DB562680A28A0088D9CB /* Base */ = {isa = PBXFileReference; lastKnownFileType = file.storyboard; name = Base; path = Base.lproj/Main.storyboard; sourceTree = "<group>"; };
		D674DB582680A28D0088D9CB /* Assets.xcassets */ = {isa = PBXFileReference; lastKnownFileType = folder.assetcatalog; path = Assets.xcassets; sourceTree = "<group>"; };
		D674DB5B2680A28D0088D9CB /* Base */ = {isa = PBXFileReference; lastKnownFileType = file.storyboard; name = Base; path = Base.lproj/LaunchScreen.storyboard; sourceTree = "<group>"; };
		D674DB5D2680A28D0088D9CB /* Info.plist */ = {isa = PBXFileReference; lastKnownFileType = text.plist.xml; path = Info.plist; sourceTree = "<group>"; };
		D674DB622680A28E0088D9CB /* moviesTests.xctest */ = {isa = PBXFileReference; explicitFileType = wrapper.cfbundle; includeInIndex = 0; path = moviesTests.xctest; sourceTree = BUILT_PRODUCTS_DIR; };
		D674DB662680A28E0088D9CB /* moviesTests.swift */ = {isa = PBXFileReference; lastKnownFileType = sourcecode.swift; path = moviesTests.swift; sourceTree = "<group>"; };
		D674DB682680A28E0088D9CB /* Info.plist */ = {isa = PBXFileReference; lastKnownFileType = text.plist.xml; path = Info.plist; sourceTree = "<group>"; };
		D674DB6D2680A28E0088D9CB /* moviesUITests.xctest */ = {isa = PBXFileReference; explicitFileType = wrapper.cfbundle; includeInIndex = 0; path = moviesUITests.xctest; sourceTree = BUILT_PRODUCTS_DIR; };
		D674DB712680A28E0088D9CB /* moviesUITests.swift */ = {isa = PBXFileReference; lastKnownFileType = sourcecode.swift; path = moviesUITests.swift; sourceTree = "<group>"; };
		D674DB732680A28E0088D9CB /* Info.plist */ = {isa = PBXFileReference; lastKnownFileType = text.plist.xml; path = Info.plist; sourceTree = "<group>"; };
		D674DB7F2680A3490088D9CB /* MovieViewCell.swift */ = {isa = PBXFileReference; lastKnownFileType = sourcecode.swift; path = MovieViewCell.swift; sourceTree = "<group>"; };
		D674DB802680A3490088D9CB /* MovieViewCell.xib */ = {isa = PBXFileReference; lastKnownFileType = file.xib; path = MovieViewCell.xib; sourceTree = "<group>"; };
		D674DB832680A6800088D9CB /* movieList.swift */ = {isa = PBXFileReference; lastKnownFileType = sourcecode.swift; path = movieList.swift; sourceTree = "<group>"; };
/* End PBXFileReference section */

/* Begin PBXFrameworksBuildPhase section */
		D674DB492680A28A0088D9CB /* Frameworks */ = {
			isa = PBXFrameworksBuildPhase;
			buildActionMask = 2147483647;
			files = (
			);
			runOnlyForDeploymentPostprocessing = 0;
		};
		D674DB5F2680A28E0088D9CB /* Frameworks */ = {
			isa = PBXFrameworksBuildPhase;
			buildActionMask = 2147483647;
			files = (
			);
			runOnlyForDeploymentPostprocessing = 0;
		};
		D674DB6A2680A28E0088D9CB /* Frameworks */ = {
			isa = PBXFrameworksBuildPhase;
			buildActionMask = 2147483647;
			files = (
			);
			runOnlyForDeploymentPostprocessing = 0;
		};
/* End PBXFrameworksBuildPhase section */

/* Begin PBXGroup section */
		D674DB432680A28A0088D9CB = {
			isa = PBXGroup;
			children = (
				D674DB4E2680A28A0088D9CB /* movies */,
				D674DB652680A28E0088D9CB /* moviesTests */,
				D674DB702680A28E0088D9CB /* moviesUITests */,
				D674DB4D2680A28A0088D9CB /* Products */,
			);
			sourceTree = "<group>";
		};
		D674DB4D2680A28A0088D9CB /* Products */ = {
			isa = PBXGroup;
			children = (
				D674DB4C2680A28A0088D9CB /* movies.app */,
				D674DB622680A28E0088D9CB /* moviesTests.xctest */,
				D674DB6D2680A28E0088D9CB /* moviesUITests.xctest */,
			);
			name = Products;
			sourceTree = "<group>";
		};
		D674DB4E2680A28A0088D9CB /* movies */ = {
			isa = PBXGroup;
			children = (
				D674DB4F2680A28A0088D9CB /* AppDelegate.swift */,
				D674DB512680A28A0088D9CB /* SceneDelegate.swift */,
				D674DB532680A28A0088D9CB /* ViewController.swift */,
				D674DB552680A28A0088D9CB /* Main.storyboard */,
				D674DB582680A28D0088D9CB /* Assets.xcassets */,
				D674DB5A2680A28D0088D9CB /* LaunchScreen.storyboard */,
				D674DB5D2680A28D0088D9CB /* Info.plist */,
				D674DB7F2680A3490088D9CB /* MovieViewCell.swift */,
				D674DB802680A3490088D9CB /* MovieViewCell.xib */,
				D674DB832680A6800088D9CB /* movieList.swift */,
			);
			path = movies;
			sourceTree = "<group>";
		};
		D674DB652680A28E0088D9CB /* moviesTests */ = {
			isa = PBXGroup;
			children = (
				D674DB662680A28E0088D9CB /* moviesTests.swift */,
				D674DB682680A28E0088D9CB /* Info.plist */,
			);
			path = moviesTests;
			sourceTree = "<group>";
		};
		D674DB702680A28E0088D9CB /* moviesUITests */ = {
			isa = PBXGroup;
			children = (
				D674DB712680A28E0088D9CB /* moviesUITests.swift */,
				D674DB732680A28E0088D9CB /* Info.plist */,
			);
			path = moviesUITests;
			sourceTree = "<group>";
		};
/* End PBXGroup section */

/* Begin PBXNativeTarget section */
		D674DB4B2680A28A0088D9CB /* movies */ = {
			isa = PBXNativeTarget;
			buildConfigurationList = D674DB762680A28E0088D9CB /* Build configuration list for PBXNativeTarget "movies" */;
			buildPhases = (
				D674DB482680A28A0088D9CB /* Sources */,
				D674DB492680A28A0088D9CB /* Frameworks */,
				D674DB4A2680A28A0088D9CB /* Resources */,
			);
			buildRules = (
			);
			dependencies = (
			);
			name = movies;
			productName = movies;
			productReference = D674DB4C2680A28A0088D9CB /* movies.app */;
			productType = "com.apple.product-type.application";
		};
		D674DB612680A28E0088D9CB /* moviesTests */ = {
			isa = PBXNativeTarget;
			buildConfigurationList = D674DB792680A28E0088D9CB /* Build configuration list for PBXNativeTarget "moviesTests" */;
			buildPhases = (
				D674DB5E2680A28E0088D9CB /* Sources */,
				D674DB5F2680A28E0088D9CB /* Frameworks */,
				D674DB602680A28E0088D9CB /* Resources */,
			);
			buildRules = (
			);
			dependencies = (
				D674DB642680A28E0088D9CB /* PBXTargetDependency */,
			);
			name = moviesTests;
			productName = moviesTests;
			productReference = D674DB622680A28E0088D9CB /* moviesTests.xctest */;
			productType = "com.apple.product-type.bundle.unit-test";
		};
		D674DB6C2680A28E0088D9CB /* moviesUITests */ = {
			isa = PBXNativeTarget;
			buildConfigurationList = D674DB7C2680A28E0088D9CB /* Build configuration list for PBXNativeTarget "moviesUITests" */;
			buildPhases = (
				D674DB692680A28E0088D9CB /* Sources */,
				D674DB6A2680A28E0088D9CB /* Frameworks */,
				D674DB6B2680A28E0088D9CB /* Resources */,
			);
			buildRules = (
			);
			dependencies = (
				D674DB6F2680A28E0088D9CB /* PBXTargetDependency */,
			);
			name = moviesUITests;
			productName = moviesUITests;
			productReference = D674DB6D2680A28E0088D9CB /* moviesUITests.xctest */;
			productType = "com.apple.product-type.bundle.ui-testing";
		};
/* End PBXNativeTarget section */

/* Begin PBXProject section */
		D674DB442680A28A0088D9CB /* Project object */ = {
			isa = PBXProject;
			attributes = {
				LastSwiftUpdateCheck = 1250;
				LastUpgradeCheck = 1250;
				TargetAttributes = {
					D674DB4B2680A28A0088D9CB = {
						CreatedOnToolsVersion = 12.5;
					};
					D674DB612680A28E0088D9CB = {
						CreatedOnToolsVersion = 12.5;
						TestTargetID = D674DB4B2680A28A0088D9CB;
					};
					D674DB6C2680A28E0088D9CB = {
						CreatedOnToolsVersion = 12.5;
						TestTargetID = D674DB4B2680A28A0088D9CB;
					};
				};
			};
			buildConfigurationList = D674DB472680A28A0088D9CB /* Build configuration list for PBXProject "movies" */;
			compatibilityVersion = "Xcode 9.3";
			developmentRegion = en;
			hasScannedForEncodings = 0;
			knownRegions = (
				en,
				Base,
			);
			mainGroup = D674DB432680A28A0088D9CB;
			productRefGroup = D674DB4D2680A28A0088D9CB /* Products */;
			projectDirPath = "";
			projectRoot = "";
			targets = (
				D674DB4B2680A28A0088D9CB /* movies */,
				D674DB612680A28E0088D9CB /* moviesTests */,
				D674DB6C2680A28E0088D9CB /* moviesUITests */,
			);
		};
/* End PBXProject section */

/* Begin PBXResourcesBuildPhase section */
		D674DB4A2680A28A0088D9CB /* Resources */ = {
			isa = PBXResourcesBuildPhase;
			buildActionMask = 2147483647;
			files = (
				D674DB5C2680A28D0088D9CB /* LaunchScreen.storyboard in Resources */,
				D674DB822680A3490088D9CB /* MovieViewCell.xib in Resources */,
				D674DB592680A28D0088D9CB /* Assets.xcassets in Resources */,
				D674DB572680A28A0088D9CB /* Main.storyboard in Resources */,
			);
			runOnlyForDeploymentPostprocessing = 0;
		};
		D674DB602680A28E0088D9CB /* Resources */ = {
			isa = PBXResourcesBuildPhase;
			buildActionMask = 2147483647;
			files = (
			);
			runOnlyForDeploymentPostprocessing = 0;
		};
		D674DB6B2680A28E0088D9CB /* Resources */ = {
			isa = PBXResourcesBuildPhase;
			buildActionMask = 2147483647;
			files = (
			);
			runOnlyForDeploymentPostprocessing = 0;
		};
/* End PBXResourcesBuildPhase section */

/* Begin PBXSourcesBuildPhase section */
		D674DB482680A28A0088D9CB /* Sources */ = {
			isa = PBXSourcesBuildPhase;
			buildActionMask = 2147483647;
			files = (
				D674DB542680A28A0088D9CB /* ViewController.swift in Sources */,
				D674DB812680A3490088D9CB /* MovieViewCell.swift in Sources */,
				D674DB842680A6800088D9CB /* movieList.swift in Sources */,
				D674DB502680A28A0088D9CB /* AppDelegate.swift in Sources */,
				D674DB522680A28A0088D9CB /* SceneDelegate.swift in Sources */,
			);
			runOnlyForDeploymentPostprocessing = 0;
		};
		D674DB5E2680A28E0088D9CB /* Sources */ = {
			isa = PBXSourcesBuildPhase;
			buildActionMask = 2147483647;
			files = (
				D674DB672680A28E0088D9CB /* moviesTests.swift in Sources */,
			);
			runOnlyForDeploymentPostprocessing = 0;
		};
		D674DB692680A28E0088D9CB /* Sources */ = {
			isa = PBXSourcesBuildPhase;
			buildActionMask = 2147483647;
			files = (
				D674DB722680A28E0088D9CB /* moviesUITests.swift in Sources */,
			);
			runOnlyForDeploymentPostprocessing = 0;
		};
/* End PBXSourcesBuildPhase section */

/* Begin PBXTargetDependency section */
		D674DB642680A28E0088D9CB /* PBXTargetDependency */ = {
			isa = PBXTargetDependency;
			target = D674DB4B2680A28A0088D9CB /* movies */;
			targetProxy = D674DB632680A28E0088D9CB /* PBXContainerItemProxy */;
		};
		D674DB6F2680A28E0088D9CB /* PBXTargetDependency */ = {
			isa = PBXTargetDependency;
			target = D674DB4B2680A28A0088D9CB /* movies */;
			targetProxy = D674DB6E2680A28E0088D9CB /* PBXContainerItemProxy */;
		};
/* End PBXTargetDependency section */

/* Begin PBXVariantGroup section */
		D674DB552680A28A0088D9CB /* Main.storyboard */ = {
			isa = PBXVariantGroup;
			children = (
				D674DB562680A28A0088D9CB /* Base */,
			);
			name = Main.storyboard;
			sourceTree = "<group>";
		};
		D674DB5A2680A28D0088D9CB /* LaunchScreen.storyboard */ = {
			isa = PBXVariantGroup;
			children = (
				D674DB5B2680A28D0088D9CB /* Base */,
			);
			name = LaunchScreen.storyboard;
			sourceTree = "<group>";
		};
/* End PBXVariantGroup section */

/* Begin XCBuildConfiguration section */
		D674DB742680A28E0088D9CB /* Debug */ = {
			isa = XCBuildConfiguration;
			buildSettings = {
				ALWAYS_SEARCH_USER_PATHS = NO;
				CLANG_ANALYZER_NONNULL = YES;
				CLANG_ANALYZER_NUMBER_OBJECT_CONVERSION = YES_AGGRESSIVE;
				CLANG_CXX_LANGUAGE_STANDARD = "gnu++14";
				CLANG_CXX_LIBRARY = "libc++";
				CLANG_ENABLE_MODULES = YES;
				CLANG_ENABLE_OBJC_ARC = YES;
				CLANG_ENABLE_OBJC_WEAK = YES;
				CLANG_WARN_BLOCK_CAPTURE_AUTORELEASING = YES;
				CLANG_WARN_BOOL_CONVERSION = YES;
				CLANG_WARN_COMMA = YES;
				CLANG_WARN_CONSTANT_CONVERSION = YES;
				CLANG_WARN_DEPRECATED_OBJC_IMPLEMENTATIONS = YES;
				CLANG_WARN_DIRECT_OBJC_ISA_USAGE = YES_ERROR;
				CLANG_WARN_DOCUMENTATION_COMMENTS = YES;
				CLANG_WARN_EMPTY_BODY = YES;
				CLANG_WARN_ENUM_CONVERSION = YES;
				CLANG_WARN_INFINITE_RECURSION = YES;
				CLANG_WARN_INT_CONVERSION = YES;
				CLANG_WARN_NON_LITERAL_NULL_CONVERSION = YES;
				CLANG_WARN_OBJC_IMPLICIT_RETAIN_SELF = YES;
				CLANG_WARN_OBJC_LITERAL_CONVERSION = YES;
				CLANG_WARN_OBJC_ROOT_CLASS = YES_ERROR;
				CLANG_WARN_QUOTED_INCLUDE_IN_FRAMEWORK_HEADER = YES;
				CLANG_WARN_RANGE_LOOP_ANALYSIS = YES;
				CLANG_WARN_STRICT_PROTOTYPES = YES;
				CLANG_WARN_SUSPICIOUS_MOVE = YES;
				CLANG_WARN_UNGUARDED_AVAILABILITY = YES_AGGRESSIVE;
				CLANG_WARN_UNREACHABLE_CODE = YES;
				CLANG_WARN__DUPLICATE_METHOD_MATCH = YES;
				COPY_PHASE_STRIP = NO;
				DEBUG_INFORMATION_FORMAT = dwarf;
				ENABLE_STRICT_OBJC_MSGSEND = YES;
				ENABLE_TESTABILITY = YES;
				GCC_C_LANGUAGE_STANDARD = gnu11;
				GCC_DYNAMIC_NO_PIC = NO;
				GCC_NO_COMMON_BLOCKS = YES;
				GCC_OPTIMIZATION_LEVEL = 0;
				GCC_PREPROCESSOR_DEFINITIONS = (
					"DEBUG=1",
					"$(inherited)",
				);
				GCC_WARN_64_TO_32_BIT_CONVERSION = YES;
				GCC_WARN_ABOUT_RETURN_TYPE = YES_ERROR;
				GCC_WARN_UNDECLARED_SELECTOR = YES;
				GCC_WARN_UNINITIALIZED_AUTOS = YES_AGGRESSIVE;
				GCC_WARN_UNUSED_FUNCTION = YES;
				GCC_WARN_UNUSED_VARIABLE = YES;
				IPHONEOS_DEPLOYMENT_TARGET = 14.5;
				MTL_ENABLE_DEBUG_INFO = INCLUDE_SOURCE;
				MTL_FAST_MATH = YES;
				ONLY_ACTIVE_ARCH = YES;
				SDKROOT = iphoneos;
				SWIFT_ACTIVE_COMPILATION_CONDITIONS = DEBUG;
				SWIFT_OPTIMIZATION_LEVEL = "-Onone";
			};
			name = Debug;
		};
		D674DB752680A28E0088D9CB /* Release */ = {
			isa = XCBuildConfiguration;
			buildSettings = {
				ALWAYS_SEARCH_USER_PATHS = NO;
				CLANG_ANALYZER_NONNULL = YES;
				CLANG_ANALYZER_NUMBER_OBJECT_CONVERSION = YES_AGGRESSIVE;
				CLANG_CXX_LANGUAGE_STANDARD = "gnu++14";
				CLANG_CXX_LIBRARY = "libc++";
				CLANG_ENABLE_MODULES = YES;
				CLANG_ENABLE_OBJC_ARC = YES;
				CLANG_ENABLE_OBJC_WEAK = YES;
				CLANG_WARN_BLOCK_CAPTURE_AUTORELEASING = YES;
				CLANG_WARN_BOOL_CONVERSION = YES;
				CLANG_WARN_COMMA = YES;
				CLANG_WARN_CONSTANT_CONVERSION = YES;
				CLANG_WARN_DEPRECATED_OBJC_IMPLEMENTATIONS = YES;
				CLANG_WARN_DIRECT_OBJC_ISA_USAGE = YES_ERROR;
				CLANG_WARN_DOCUMENTATION_COMMENTS = YES;
				CLANG_WARN_EMPTY_BODY = YES;
				CLANG_WARN_ENUM_CONVERSION = YES;
				CLANG_WARN_INFINITE_RECURSION = YES;
				CLANG_WARN_INT_CONVERSION = YES;
				CLANG_WARN_NON_LITERAL_NULL_CONVERSION = YES;
				CLANG_WARN_OBJC_IMPLICIT_RETAIN_SELF = YES;
				CLANG_WARN_OBJC_LITERAL_CONVERSION = YES;
				CLANG_WARN_OBJC_ROOT_CLASS = YES_ERROR;
				CLANG_WARN_QUOTED_INCLUDE_IN_FRAMEWORK_HEADER = YES;
				CLANG_WARN_RANGE_LOOP_ANALYSIS = YES;
				CLANG_WARN_STRICT_PROTOTYPES = YES;
				CLANG_WARN_SUSPICIOUS_MOVE = YES;
				CLANG_WARN_UNGUARDED_AVAILABILITY = YES_AGGRESSIVE;
				CLANG_WARN_UNREACHABLE_CODE = YES;
				CLANG_WARN__DUPLICATE_METHOD_MATCH = YES;
				COPY_PHASE_STRIP = NO;
				DEBUG_INFORMATION_FORMAT = "dwarf-with-dsym";
				ENABLE_NS_ASSERTIONS = NO;
				ENABLE_STRICT_OBJC_MSGSEND = YES;
				GCC_C_LANGUAGE_STANDARD = gnu11;
				GCC_NO_COMMON_BLOCKS = YES;
				GCC_WARN_64_TO_32_BIT_CONVERSION = YES;
				GCC_WARN_ABOUT_RETURN_TYPE = YES_ERROR;
				GCC_WARN_UNDECLARED_SELECTOR = YES;
				GCC_WARN_UNINITIALIZED_AUTOS = YES_AGGRESSIVE;
				GCC_WARN_UNUSED_FUNCTION = YES;
				GCC_WARN_UNUSED_VARIABLE = YES;
				IPHONEOS_DEPLOYMENT_TARGET = 14.5;
				MTL_ENABLE_DEBUG_INFO = NO;
				MTL_FAST_MATH = YES;
				SDKROOT = iphoneos;
				SWIFT_COMPILATION_MODE = wholemodule;
				SWIFT_OPTIMIZATION_LEVEL = "-O";
				VALIDATE_PRODUCT = YES;
			};
			name = Release;
		};
		D674DB772680A28E0088D9CB /* Debug */ = {
			isa = XCBuildConfiguration;
			buildSettings = {
				ASSETCATALOG_COMPILER_APPICON_NAME = AppIcon;
				ASSETCATALOG_COMPILER_GLOBAL_ACCENT_COLOR_NAME = AccentColor;
				CODE_SIGN_STYLE = Automatic;
				INFOPLIST_FILE = movies/Info.plist;
				LD_RUNPATH_SEARCH_PATHS = (
					"$(inherited)",
					"@executable_path/Frameworks",
				);
				PRODUCT_BUNDLE_IDENTIFIER = test.movies;
				PRODUCT_NAME = "$(TARGET_NAME)";
				SWIFT_VERSION = 5.0;
				TARGETED_DEVICE_FAMILY = "1,2";
			};
			name = Debug;
		};
		D674DB782680A28E0088D9CB /* Release */ = {
			isa = XCBuildConfiguration;
			buildSettings = {
				ASSETCATALOG_COMPILER_APPICON_NAME = AppIcon;
				ASSETCATALOG_COMPILER_GLOBAL_ACCENT_COLOR_NAME = AccentColor;
				CODE_SIGN_STYLE = Automatic;
				INFOPLIST_FILE = movies/Info.plist;
				LD_RUNPATH_SEARCH_PATHS = (
					"$(inherited)",
					"@executable_path/Frameworks",
				);
				PRODUCT_BUNDLE_IDENTIFIER = test.movies;
				PRODUCT_NAME = "$(TARGET_NAME)";
				SWIFT_VERSION = 5.0;
				TARGETED_DEVICE_FAMILY = "1,2";
			};
			name = Release;
		};
		D674DB7A2680A28E0088D9CB /* Debug */ = {
			isa = XCBuildConfiguration;
			buildSettings = {
				ALWAYS_EMBED_SWIFT_STANDARD_LIBRARIES = YES;
				BUNDLE_LOADER = "$(TEST_HOST)";
				CODE_SIGN_STYLE = Automatic;
				INFOPLIST_FILE = moviesTests/Info.plist;
				IPHONEOS_DEPLOYMENT_TARGET = 14.5;
				LD_RUNPATH_SEARCH_PATHS = (
					"$(inherited)",
					"@executable_path/Frameworks",
					"@loader_path/Frameworks",
				);
				PRODUCT_BUNDLE_IDENTIFIER = test.moviesTests;
				PRODUCT_NAME = "$(TARGET_NAME)";
				SWIFT_VERSION = 5.0;
				TARGETED_DEVICE_FAMILY = "1,2";
				TEST_HOST = "$(BUILT_PRODUCTS_DIR)/movies.app/movies";
			};
			name = Debug;
		};
		D674DB7B2680A28E0088D9CB /* Release */ = {
			isa = XCBuildConfiguration;
			buildSettings = {
				ALWAYS_EMBED_SWIFT_STANDARD_LIBRARIES = YES;
				BUNDLE_LOADER = "$(TEST_HOST)";
				CODE_SIGN_STYLE = Automatic;
				INFOPLIST_FILE = moviesTests/Info.plist;
				IPHONEOS_DEPLOYMENT_TARGET = 14.5;
				LD_RUNPATH_SEARCH_PATHS = (
					"$(inherited)",
					"@executable_path/Frameworks",
					"@loader_path/Frameworks",
				);
				PRODUCT_BUNDLE_IDENTIFIER = test.moviesTests;
				PRODUCT_NAME = "$(TARGET_NAME)";
				SWIFT_VERSION = 5.0;
				TARGETED_DEVICE_FAMILY = "1,2";
				TEST_HOST = "$(BUILT_PRODUCTS_DIR)/movies.app/movies";
			};
			name = Release;
		};
		D674DB7D2680A28E0088D9CB /* Debug */ = {
			isa = XCBuildConfiguration;
			buildSettings = {
				ALWAYS_EMBED_SWIFT_STANDARD_LIBRARIES = YES;
				CODE_SIGN_STYLE = Automatic;
				INFOPLIST_FILE = moviesUITests/Info.plist;
				LD_RUNPATH_SEARCH_PATHS = (
					"$(inherited)",
					"@executable_path/Frameworks",
					"@loader_path/Frameworks",
				);
				PRODUCT_BUNDLE_IDENTIFIER = test.moviesUITests;
				PRODUCT_NAME = "$(TARGET_NAME)";
				SWIFT_VERSION = 5.0;
				TARGETED_DEVICE_FAMILY = "1,2";
				TEST_TARGET_NAME = movies;
			};
			name = Debug;
		};
		D674DB7E2680A28E0088D9CB /* Release */ = {
			isa = XCBuildConfiguration;
			buildSettings = {
				ALWAYS_EMBED_SWIFT_STANDARD_LIBRARIES = YES;
				CODE_SIGN_STYLE = Automatic;
				INFOPLIST_FILE = moviesUITests/Info.plist;
				LD_RUNPATH_SEARCH_PATHS = (
					"$(inherited)",
					"@executable_path/Frameworks",
					"@loader_path/Frameworks",
				);
				PRODUCT_BUNDLE_IDENTIFIER = test.moviesUITests;
				PRODUCT_NAME = "$(TARGET_NAME)";
				SWIFT_VERSION = 5.0;
				TARGETED_DEVICE_FAMILY = "1,2";
				TEST_TARGET_NAME = movies;
			};
			name = Release;
		};
/* End XCBuildConfiguration section */

/* Begin XCConfigurationList section */
		D674DB472680A28A0088D9CB /* Build configuration list for PBXProject "movies" */ = {
			isa = XCConfigurationList;
			buildConfigurations = (
				D674DB742680A28E0088D9CB /* Debug */,
				D674DB752680A28E0088D9CB /* Release */,
			);
			defaultConfigurationIsVisible = 0;
			defaultConfigurationName = Release;
		};
		D674DB762680A28E0088D9CB /* Build configuration list for PBXNativeTarget "movies" */ = {
			isa = XCConfigurationList;
			buildConfigurations = (
				D674DB772680A28E0088D9CB /* Debug */,
				D674DB782680A28E0088D9CB /* Release */,
			);
			defaultConfigurationIsVisible = 0;
			defaultConfigurationName = Release;
		};
		D674DB792680A28E0088D9CB /* Build configuration list for PBXNativeTarget "moviesTests" */ = {
			isa = XCConfigurationList;
			buildConfigurations = (
				D674DB7A2680A28E0088D9CB /* Debug */,
				D674DB7B2680A28E0088D9CB /* Release */,
			);
			defaultConfigurationIsVisible = 0;
			defaultConfigurationName = Release;
		};
		D674DB7C2680A28E0088D9CB /* Build configuration list for PBXNativeTarget "moviesUITests" */ = {
			isa = XCConfigurationList;
			buildConfigurations = (
				D674DB7D2680A28E0088D9CB /* Debug */,
				D674DB7E2680A28E0088D9CB /* Release */,
			);
			defaultConfigurationIsVisible = 0;
			defaultConfigurationName = Release;
		};
/* End XCConfigurationList section */
	};
	rootObject = D674DB442680A28A0088D9CB /* Project object */;
}
